{
    "name": "laser",
    "requires": true,
    "lockfileVersion": 1,
    "dependencies": {
        "bootstrap": {
            "version": "4.0.0-beta.2",
            "resolved": "https://registry.npmjs.org/bootstrap/-/bootstrap-4.0.0-beta.2.tgz",
            "integrity": "sha512-DzGtdTlKbrMoGMpz0LigKSqJ+MgtFKxA791PU/q062OlRG0HybNZcTLH7rpDAmLS66Y3esN9yzKHLLbqa5UR3w=="
        },
        "highcharts": {
            "version": "9.0.1",
            "resolved": "https://registry.npmjs.org/highcharts/-/highcharts-9.0.1.tgz",
            "integrity": "sha512-0UmcCz2RmFuqfT/Igu3h5sGnkeSqqZwfuYrTzJ/htptmJAo5SSxH62NFcTjVRk+3WstoBJmoXR0v5FVGQUzK5A=="
        },
        "jquery": {
            "version": "3.5.1",
            "resolved": "https://registry.npmjs.org/jquery/-/jquery-3.5.1.tgz",
            "integrity": "sha512-XwIBPqcMn57FxfT+Go5pzySnm4KWkT1Tv7gjrpT1srtf8Weynl6R273VJ5GjkRb51IzMp5nbaPjJXMWeju2MKg=="
        },
        "leaflet": {
            "version": "1.5.1",
            "resolved": "https://registry.npmjs.org/leaflet/-/leaflet-1.5.1.tgz",
            "integrity": "sha512-ekM9KAeG99tYisNBg0IzEywAlp0hYI5XRipsqRXyRTeuU8jcuntilpp+eFf5gaE0xubc9RuSNIVtByEKwqFV0w=="
        },
        "popper.js": {
            "version": "1.12.5",
            "resolved": "https://registry.npmjs.org/popper.js/-/popper.js-1.12.5.tgz",
            "integrity": "sha512-6R2eXIy1xYukMNutoD+y/Gj0IpjEQhivyZonm5Vz0Fp8jdc7kvheKCvpM/t+PxqKb7VbLVnvPVEdTyslEb7f6w=="
        },
        "progressbar.js": {
            "version": "1.0.1",
            "resolved": "https://registry.npmjs.org/progressbar.js/-/progressbar.js-1.0.1.tgz",
            "integrity": "sha1-9/v8GVJA/guzL2972y5/9ADqcfk=",
            "requires": {
                "shifty": "^1.5.2"
            }
        },
        "shifty": {
            "version": "1.5.4",
            "resolved": "https://registry.npmjs.org/shifty/-/shifty-1.5.4.tgz",
            "integrity": "sha1-1DYvyRTdKA3fblIr5AiyEgMgg0Y="
        },
        "toastr": {
            "version": "2.1.4",
            "resolved": "https://registry.npmjs.org/toastr/-/toastr-2.1.4.tgz",
            "integrity": "sha1-i0O+ZPudDEFIcURvLbjoyk6V8YE=",
            "requires": {
                "jquery": ">=1.12.0"
            }
        }
    }
}
